
Microsoft Visual Studio Solution File, Format Version 12.00
# Visual Studio Version 16
VisualStudioVersion = 16.0.29009.5
MinimumVisualStudioVersion = 10.0.40219.1
Project("{FAE04EC0-301F-11D3-BF4B-00C04F79EFBC}") = "azuretable_plural", "azuretable_plural\azuretable_plural.csproj", "{6C575CC9-868C-4EAB-8BEE-9C77E2370448}"
EndProject
Global
	GlobalSection(SolutionConfigurationPlatforms) = preSolution
		Debug|Any CPU = Debug|Any CPU
		Release|Any CPU = Release|Any CPU
	EndGlobalSection
	GlobalSection(ProjectConfigurationPlatforms) = postSolution
		{6C575CC9-868C-4EAB-8BEE-9C77E2370448}.Debug|Any CPU.ActiveCfg = Debug|Any CPU
		{6C575CC9-868C-4EAB-8BEE-9C77E2370448}.Debug|Any CPU.Build.0 = Debug|Any CPU
		{6C575CC9-868C-4EAB-8BEE-9C77E2370448}.Release|Any CPU.ActiveCfg = Release|Any CPU
		{6C575CC9-868C-4EAB-8BEE-9C77E2370448}.Release|Any CPU.Build.0 = Release|Any CPU
	EndGlobalSection
	GlobalSection(SolutionProperties) = preSolution
		HideSolutionNode = FALSE
	EndGlobalSection
	GlobalSection(ExtensibilityGlobals) = postSolution
		SolutionGuid = {D5058FF4-608F-491D-8437-D788031DFAB4}
	EndGlobalSection
EndGlobal
